
Microsoft Visual Studio Solution File, Format Version 12.00
# Visual Studio Version 16
VisualStudioVersion = 16.0.29709.97
MinimumVisualStudioVersion = 10.0.40219.1
Project("{FAE04EC0-301F-11D3-BF4B-00C04F79EFBC}") = "StackOfflineFlow", "StackOfflineFlow\StackOfflineFlow.csproj", "{478564AA-3FD9-40E4-8F14-902885D2A984}"
EndProject
Global
	GlobalSection(SolutionConfigurationPlatforms) = preSolution
		Debug|Any CPU = Debug|Any CPU
		Release|Any CPU = Release|Any CPU
	EndGlobalSection
	GlobalSection(ProjectConfigurationPlatforms) = postSolution
		{478564AA-3FD9-40E4-8F14-902885D2A984}.Debug|Any CPU.ActiveCfg = Debug|Any CPU
		{478564AA-3FD9-40E4-8F14-902885D2A984}.Debug|Any CPU.Build.0 = Debug|Any CPU
		{478564AA-3FD9-40E4-8F14-902885D2A984}.Release|Any CPU.ActiveCfg = Release|Any CPU
		{478564AA-3FD9-40E4-8F14-902885D2A984}.Release|Any CPU.Build.0 = Release|Any CPU
	EndGlobalSection
	GlobalSection(SolutionProperties) = preSolution
		HideSolutionNode = FALSE
	EndGlobalSection
	GlobalSection(ExtensibilityGlobals) = postSolution
		SolutionGuid = {A7040A4B-CD4B-4A30-99ED-BE29A5234D5B}
	EndGlobalSection
EndGlobal
